
Microsoft Visual Studio Solution File, Format Version 12.00
# Visual Studio 14
VisualStudioVersion = 14.0.25420.1
MinimumVisualStudioVersion = 10.0.40219.1
Project("{FAE04EC0-301F-11D3-BF4B-00C04F79EFBC}") = "EducationalPortal", "EducationalPortal\EducationalPortal.csproj", "{F9536AF5-3C8B-4621-8C05-A09DC975AF9C}"
EndProject
Project("{FAE04EC0-301F-11D3-BF4B-00C04F79EFBC}") = "BusinessLayer", "BusinessLayer\BusinessLayer.csproj", "{55AD4EDC-83B1-47B9-8001-428A99EFB034}"
EndProject
Project("{FAE04EC0-301F-11D3-BF4B-00C04F79EFBC}") = "DataAccessLayer", "DataAccessLayer\DataAccessLayer.csproj", "{68BC23B4-BF50-4F21-BC19-33390A8F116C}"
EndProject
Global
	GlobalSection(SolutionConfigurationPlatforms) = preSolution
		Debug|Any CPU = Debug|Any CPU
		Release|Any CPU = Release|Any CPU
	EndGlobalSection
	GlobalSection(ProjectConfigurationPlatforms) = postSolution
		{F9536AF5-3C8B-4621-8C05-A09DC975AF9C}.Debug|Any CPU.ActiveCfg = Debug|Any CPU
		{F9536AF5-3C8B-4621-8C05-A09DC975AF9C}.Debug|Any CPU.Build.0 = Debug|Any CPU
		{F9536AF5-3C8B-4621-8C05-A09DC975AF9C}.Release|Any CPU.ActiveCfg = Release|Any CPU
		{F9536AF5-3C8B-4621-8C05-A09DC975AF9C}.Release|Any CPU.Build.0 = Release|Any CPU
		{55AD4EDC-83B1-47B9-8001-428A99EFB034}.Debug|Any CPU.ActiveCfg = Debug|Any CPU
		{55AD4EDC-83B1-47B9-8001-428A99EFB034}.Debug|Any CPU.Build.0 = Debug|Any CPU
		{55AD4EDC-83B1-47B9-8001-428A99EFB034}.Release|Any CPU.ActiveCfg = Release|Any CPU
		{55AD4EDC-83B1-47B9-8001-428A99EFB034}.Release|Any CPU.Build.0 = Release|Any CPU
		{68BC23B4-BF50-4F21-BC19-33390A8F116C}.Debug|Any CPU.ActiveCfg = Debug|Any CPU
		{68BC23B4-BF50-4F21-BC19-33390A8F116C}.Debug|Any CPU.Build.0 = Debug|Any CPU
		{68BC23B4-BF50-4F21-BC19-33390A8F116C}.Release|Any CPU.ActiveCfg = Release|Any CPU
		{68BC23B4-BF50-4F21-BC19-33390A8F116C}.Release|Any CPU.Build.0 = Release|Any CPU
	EndGlobalSection
	GlobalSection(SolutionProperties) = preSolution
		HideSolutionNode = FALSE
	EndGlobalSection
EndGlobal
